
Microsoft Visual Studio Solution File, Format Version 12.00
# Visual Studio Express 2012 for Windows Desktop
Project("{FAE04EC0-301F-11D3-BF4B-00C04F79EFBC}") = "try_catch", "try_catch\try_catch.csproj", "{AAC4B129-B38F-4E1E-A1D0-2F1D385A906A}"
EndProject
Global
	GlobalSection(SolutionConfigurationPlatforms) = preSolution
		Debug|Any CPU = Debug|Any CPU
		Release|Any CPU = Release|Any CPU
	EndGlobalSection
	GlobalSection(ProjectConfigurationPlatforms) = postSolution
		{AAC4B129-B38F-4E1E-A1D0-2F1D385A906A}.Debug|Any CPU.ActiveCfg = Debug|Any CPU
		{AAC4B129-B38F-4E1E-A1D0-2F1D385A906A}.Debug|Any CPU.Build.0 = Debug|Any CPU
		{AAC4B129-B38F-4E1E-A1D0-2F1D385A906A}.Release|Any CPU.ActiveCfg = Release|Any CPU
		{AAC4B129-B38F-4E1E-A1D0-2F1D385A906A}.Release|Any CPU.Build.0 = Release|Any CPU
	EndGlobalSection
	GlobalSection(SolutionProperties) = preSolution
		HideSolutionNode = FALSE
	EndGlobalSection
EndGlobal
